
Microsoft Visual Studio Solution File, Format Version 12.00
# Visual Studio Version 17
VisualStudioVersion = 17.9.34701.34
MinimumVisualStudioVersion = 10.0.40219.1
Project("{FAE04EC0-301F-11D3-BF4B-00C04F79EFBC}") = "Practic 2", "Practic 2\Practic 2.csproj", "{99D2BF70-DD47-4F6B-8131-F204C91C0303}"
EndProject
Global
	GlobalSection(SolutionConfigurationPlatforms) = preSolution
		Debug|Any CPU = Debug|Any CPU
		Release|Any CPU = Release|Any CPU
	EndGlobalSection
	GlobalSection(ProjectConfigurationPlatforms) = postSolution
		{99D2BF70-DD47-4F6B-8131-F204C91C0303}.Debug|Any CPU.ActiveCfg = Debug|Any CPU
		{99D2BF70-DD47-4F6B-8131-F204C91C0303}.Debug|Any CPU.Build.0 = Debug|Any CPU
		{99D2BF70-DD47-4F6B-8131-F204C91C0303}.Release|Any CPU.ActiveCfg = Release|Any CPU
		{99D2BF70-DD47-4F6B-8131-F204C91C0303}.Release|Any CPU.Build.0 = Release|Any CPU
	EndGlobalSection
	GlobalSection(SolutionProperties) = preSolution
		HideSolutionNode = FALSE
	EndGlobalSection
	GlobalSection(ExtensibilityGlobals) = postSolution
		SolutionGuid = {2B27EE48-CED0-44BC-B862-D5EC5D22EB80}
	EndGlobalSection
EndGlobal
